
Microsoft Visual Studio Solution File, Format Version 12.00
# Visual Studio 15
VisualStudioVersion = 15.0.28307.438
MinimumVisualStudioVersion = 10.0.40219.1
Project("{FAE04EC0-301F-11D3-BF4B-00C04F79EFBC}") = "TestConsoleApp", "UniversalComparer\TestConsoleApp.csproj", "{D4DFF8F8-7B3B-44A9-908A-CAC27ECDB9D1}"
EndProject
Project("{FAE04EC0-301F-11D3-BF4B-00C04F79EFBC}") = "UnitTestProject", "UnitTestProject1\UnitTestProject.csproj", "{DE713B42-7014-4896-9AB2-60C226880620}"
EndProject
Project("{FAE04EC0-301F-11D3-BF4B-00C04F79EFBC}") = "Entities", "ClassLibrary\Entities.csproj", "{1A78555A-302A-43F8-B70A-B5D0921770B5}"
EndProject
Project("{FAE04EC0-301F-11D3-BF4B-00C04F79EFBC}") = "UniversalComparerLibrary", "UniversalComparerLibrary\UniversalComparerLibrary.csproj", "{8D8E7290-7110-4169-A564-81B2CEAF499D}"
EndProject
Global
	GlobalSection(SolutionConfigurationPlatforms) = preSolution
		Debug|Any CPU = Debug|Any CPU
		Debug|ARM = Debug|ARM
		Debug|ARM64 = Debug|ARM64
		Debug|x64 = Debug|x64
		Debug|x86 = Debug|x86
		Release|Any CPU = Release|Any CPU
		Release|ARM = Release|ARM
		Release|ARM64 = Release|ARM64
		Release|x64 = Release|x64
		Release|x86 = Release|x86
	EndGlobalSection
	GlobalSection(ProjectConfigurationPlatforms) = postSolution
		{D4DFF8F8-7B3B-44A9-908A-CAC27ECDB9D1}.Debug|Any CPU.ActiveCfg = Debug|Any CPU
		{D4DFF8F8-7B3B-44A9-908A-CAC27ECDB9D1}.Debug|Any CPU.Build.0 = Debug|Any CPU
		{D4DFF8F8-7B3B-44A9-908A-CAC27ECDB9D1}.Debug|ARM.ActiveCfg = Debug|Any CPU
		{D4DFF8F8-7B3B-44A9-908A-CAC27ECDB9D1}.Debug|ARM.Build.0 = Debug|Any CPU
		{D4DFF8F8-7B3B-44A9-908A-CAC27ECDB9D1}.Debug|ARM64.ActiveCfg = Debug|Any CPU
		{D4DFF8F8-7B3B-44A9-908A-CAC27ECDB9D1}.Debug|ARM64.Build.0 = Debug|Any CPU
		{D4DFF8F8-7B3B-44A9-908A-CAC27ECDB9D1}.Debug|x64.ActiveCfg = Debug|Any CPU
		{D4DFF8F8-7B3B-44A9-908A-CAC27ECDB9D1}.Debug|x64.Build.0 = Debug|Any CPU
		{D4DFF8F8-7B3B-44A9-908A-CAC27ECDB9D1}.Debug|x86.ActiveCfg = Debug|Any CPU
		{D4DFF8F8-7B3B-44A9-908A-CAC27ECDB9D1}.Debug|x86.Build.0 = Debug|Any CPU
		{D4DFF8F8-7B3B-44A9-908A-CAC27ECDB9D1}.Release|Any CPU.ActiveCfg = Release|Any CPU
		{D4DFF8F8-7B3B-44A9-908A-CAC27ECDB9D1}.Release|Any CPU.Build.0 = Release|Any CPU
		{D4DFF8F8-7B3B-44A9-908A-CAC27ECDB9D1}.Release|ARM.ActiveCfg = Release|Any CPU
		{D4DFF8F8-7B3B-44A9-908A-CAC27ECDB9D1}.Release|ARM.Build.0 = Release|Any CPU
		{D4DFF8F8-7B3B-44A9-908A-CAC27ECDB9D1}.Release|ARM64.ActiveCfg = Release|Any CPU
		{D4DFF8F8-7B3B-44A9-908A-CAC27ECDB9D1}.Release|ARM64.Build.0 = Release|Any CPU
		{D4DFF8F8-7B3B-44A9-908A-CAC27ECDB9D1}.Release|x64.ActiveCfg = Release|Any CPU
		{D4DFF8F8-7B3B-44A9-908A-CAC27ECDB9D1}.Release|x64.Build.0 = Release|Any CPU
		{D4DFF8F8-7B3B-44A9-908A-CAC27ECDB9D1}.Release|x86.ActiveCfg = Release|Any CPU
		{D4DFF8F8-7B3B-44A9-908A-CAC27ECDB9D1}.Release|x86.Build.0 = Release|Any CPU
		{DE713B42-7014-4896-9AB2-60C226880620}.Debug|Any CPU.ActiveCfg = Debug|Any CPU
		{DE713B42-7014-4896-9AB2-60C226880620}.Debug|Any CPU.Build.0 = Debug|Any CPU
		{DE713B42-7014-4896-9AB2-60C226880620}.Debug|ARM.ActiveCfg = Debug|Any CPU
		{DE713B42-7014-4896-9AB2-60C226880620}.Debug|ARM.Build.0 = Debug|Any CPU
		{DE713B42-7014-4896-9AB2-60C226880620}.Debug|ARM64.ActiveCfg = Debug|Any CPU
		{DE713B42-7014-4896-9AB2-60C226880620}.Debug|ARM64.Build.0 = Debug|Any CPU
		{DE713B42-7014-4896-9AB2-60C226880620}.Debug|x64.ActiveCfg = Debug|Any CPU
		{DE713B42-7014-4896-9AB2-60C226880620}.Debug|x64.Build.0 = Debug|Any CPU
		{DE713B42-7014-4896-9AB2-60C226880620}.Debug|x86.ActiveCfg = Debug|Any CPU
		{DE713B42-7014-4896-9AB2-60C226880620}.Debug|x86.Build.0 = Debug|Any CPU
		{DE713B42-7014-4896-9AB2-60C226880620}.Release|Any CPU.ActiveCfg = Release|Any CPU
		{DE713B42-7014-4896-9AB2-60C226880620}.Release|Any CPU.Build.0 = Release|Any CPU
		{DE713B42-7014-4896-9AB2-60C226880620}.Release|ARM.ActiveCfg = Release|Any CPU
		{DE713B42-7014-4896-9AB2-60C226880620}.Release|ARM.Build.0 = Release|Any CPU
		{DE713B42-7014-4896-9AB2-60C226880620}.Release|ARM64.ActiveCfg = Release|Any CPU
		{DE713B42-7014-4896-9AB2-60C226880620}.Release|ARM64.Build.0 = Release|Any CPU
		{DE713B42-7014-4896-9AB2-60C226880620}.Release|x64.ActiveCfg = Release|Any CPU
		{DE713B42-7014-4896-9AB2-60C226880620}.Release|x64.Build.0 = Release|Any CPU
		{DE713B42-7014-4896-9AB2-60C226880620}.Release|x86.ActiveCfg = Release|Any CPU
		{DE713B42-7014-4896-9AB2-60C226880620}.Release|x86.Build.0 = Release|Any CPU
		{1A78555A-302A-43F8-B70A-B5D0921770B5}.Debug|Any CPU.ActiveCfg = Debug|Any CPU
		{1A78555A-302A-43F8-B70A-B5D0921770B5}.Debug|Any CPU.Build.0 = Debug|Any CPU
		{1A78555A-302A-43F8-B70A-B5D0921770B5}.Debug|ARM.ActiveCfg = Debug|Any CPU
		{1A78555A-302A-43F8-B70A-B5D0921770B5}.Debug|ARM.Build.0 = Debug|Any CPU
		{1A78555A-302A-43F8-B70A-B5D0921770B5}.Debug|ARM64.ActiveCfg = Debug|Any CPU
		{1A78555A-302A-43F8-B70A-B5D0921770B5}.Debug|ARM64.Build.0 = Debug|Any CPU
		{1A78555A-302A-43F8-B70A-B5D0921770B5}.Debug|x64.ActiveCfg = Debug|Any CPU
		{1A78555A-302A-43F8-B70A-B5D0921770B5}.Debug|x64.Build.0 = Debug|Any CPU
		{1A78555A-302A-43F8-B70A-B5D0921770B5}.Debug|x86.ActiveCfg = Debug|Any CPU
		{1A78555A-302A-43F8-B70A-B5D0921770B5}.Debug|x86.Build.0 = Debug|Any CPU
		{1A78555A-302A-43F8-B70A-B5D0921770B5}.Release|Any CPU.ActiveCfg = Release|Any CPU
		{1A78555A-302A-43F8-B70A-B5D0921770B5}.Release|Any CPU.Build.0 = Release|Any CPU
		{1A78555A-302A-43F8-B70A-B5D0921770B5}.Release|ARM.ActiveCfg = Release|Any CPU
		{1A78555A-302A-43F8-B70A-B5D0921770B5}.Release|ARM.Build.0 = Release|Any CPU
		{1A78555A-302A-43F8-B70A-B5D0921770B5}.Release|ARM64.ActiveCfg = Release|Any CPU
		{1A78555A-302A-43F8-B70A-B5D0921770B5}.Release|ARM64.Build.0 = Release|Any CPU
		{1A78555A-302A-43F8-B70A-B5D0921770B5}.Release|x64.ActiveCfg = Release|Any CPU
		{1A78555A-302A-43F8-B70A-B5D0921770B5}.Release|x64.Build.0 = Release|Any CPU
		{1A78555A-302A-43F8-B70A-B5D0921770B5}.Release|x86.ActiveCfg = Release|Any CPU
		{1A78555A-302A-43F8-B70A-B5D0921770B5}.Release|x86.Build.0 = Release|Any CPU
		{8D8E7290-7110-4169-A564-81B2CEAF499D}.Debug|Any CPU.ActiveCfg = Debug|Any CPU
		{8D8E7290-7110-4169-A564-81B2CEAF499D}.Debug|Any CPU.Build.0 = Debug|Any CPU
		{8D8E7290-7110-4169-A564-81B2CEAF499D}.Debug|ARM.ActiveCfg = Debug|Any CPU
		{8D8E7290-7110-4169-A564-81B2CEAF499D}.Debug|ARM.Build.0 = Debug|Any CPU
		{8D8E7290-7110-4169-A564-81B2CEAF499D}.Debug|ARM64.ActiveCfg = Debug|Any CPU
		{8D8E7290-7110-4169-A564-81B2CEAF499D}.Debug|ARM64.Build.0 = Debug|Any CPU
		{8D8E7290-7110-4169-A564-81B2CEAF499D}.Debug|x64.ActiveCfg = Debug|Any CPU
		{8D8E7290-7110-4169-A564-81B2CEAF499D}.Debug|x64.Build.0 = Debug|Any CPU
		{8D8E7290-7110-4169-A564-81B2CEAF499D}.Debug|x86.ActiveCfg = Debug|Any CPU
		{8D8E7290-7110-4169-A564-81B2CEAF499D}.Debug|x86.Build.0 = Debug|Any CPU
		{8D8E7290-7110-4169-A564-81B2CEAF499D}.Release|Any CPU.ActiveCfg = Release|Any CPU
		{8D8E7290-7110-4169-A564-81B2CEAF499D}.Release|Any CPU.Build.0 = Release|Any CPU
		{8D8E7290-7110-4169-A564-81B2CEAF499D}.Release|ARM.ActiveCfg = Release|Any CPU
		{8D8E7290-7110-4169-A564-81B2CEAF499D}.Release|ARM.Build.0 = Release|Any CPU
		{8D8E7290-7110-4169-A564-81B2CEAF499D}.Release|ARM64.ActiveCfg = Release|Any CPU
		{8D8E7290-7110-4169-A564-81B2CEAF499D}.Release|ARM64.Build.0 = Release|Any CPU
		{8D8E7290-7110-4169-A564-81B2CEAF499D}.Release|x64.ActiveCfg = Release|Any CPU
		{8D8E7290-7110-4169-A564-81B2CEAF499D}.Release|x64.Build.0 = Release|Any CPU
		{8D8E7290-7110-4169-A564-81B2CEAF499D}.Release|x86.ActiveCfg = Release|Any CPU
		{8D8E7290-7110-4169-A564-81B2CEAF499D}.Release|x86.Build.0 = Release|Any CPU
	EndGlobalSection
	GlobalSection(SolutionProperties) = preSolution
		HideSolutionNode = FALSE
	EndGlobalSection
	GlobalSection(ExtensibilityGlobals) = postSolution
		SolutionGuid = {A36CD216-09D8-4799-8A9F-6D7AF6EB1661}
	EndGlobalSection
EndGlobal
